{
    "name": "pl.piwko",
    "version": "1.0.0",
    "lockfileVersion": 1,
    "requires": true,
    "dependencies": {
        "cordova-plugin-barcodescanner": {
            "version": "0.7.4",
            "resolved": "https://registry.npmjs.org/cordova-plugin-barcodescanner/-/cordova-plugin-barcodescanner-0.7.4.tgz",
            "integrity": "sha1-Dhr7wnrIWp+lDmWbTmGSN38kPAM="
        },
        "cordova-plugin-compat": {
            "version": "1.2.0",
            "resolved": "https://registry.npmjs.org/cordova-plugin-compat/-/cordova-plugin-compat-1.2.0.tgz",
            "integrity": "sha1-C8ZXVyduvZIMASzpIOJ0F3V2Nz4="
        },
        "dynamsoft-javascript-barcode": {
            "version": "6.5.3",
            "resolved": "https://registry.npmjs.org/dynamsoft-javascript-barcode/-/dynamsoft-javascript-barcode-6.5.3.tgz",
            "integrity": "sha512-1y9vOMqzvO26KuQIDaqGNqz3mOUuzimPM0WQNQhYk/eRRrljGildQqTpF5jx1vV3ct+NJ8dwqOYLY82rjJRWlA=="
        }
    }
}
